
Microsoft Visual Studio Solution File, Format Version 12.00
# Visual Studio Version 17
VisualStudioVersion = 17.0.32014.148
MinimumVisualStudioVersion = 10.0.40219.1
Project("{FAE04EC0-301F-11D3-BF4B-00C04F79EFBC}") = "CanteenManagementSystem", "CanteenManagementSystem.csproj", "{B9186A12-0A93-48C5-93CA-AB3E115C8700}"
EndProject
Global
	GlobalSection(SolutionConfigurationPlatforms) = preSolution
		Debug|Any CPU = Debug|Any CPU
		Release|Any CPU = Release|Any CPU
	EndGlobalSection
	GlobalSection(ProjectConfigurationPlatforms) = postSolution
		{B9186A12-0A93-48C5-93CA-AB3E115C8700}.Debug|Any CPU.ActiveCfg = Debug|Any CPU
		{B9186A12-0A93-48C5-93CA-AB3E115C8700}.Debug|Any CPU.Build.0 = Debug|Any CPU
		{B9186A12-0A93-48C5-93CA-AB3E115C8700}.Release|Any CPU.ActiveCfg = Release|Any CPU
		{B9186A12-0A93-48C5-93CA-AB3E115C8700}.Release|Any CPU.Build.0 = Release|Any CPU
	EndGlobalSection
	GlobalSection(SolutionProperties) = preSolution
		HideSolutionNode = FALSE
	EndGlobalSection
	GlobalSection(ExtensibilityGlobals) = postSolution
		SolutionGuid = {22EB328B-05E2-4B69-9A28-BBA1948CFF7D}
	EndGlobalSection
EndGlobal
